// !$*UTF8*$!
{
	archiveVersion = 1;
	classes = {
	};
	objectVersion = 55;
	objects = {

/* Begin PBXBuildFile section */
		3DC8BACED1081B48BB3A1CB2 /* Pods_ParseChat_ParseChatUITests.framework in Frameworks */ = {isa = PBXBuildFile; fileRef = 0448572E72A73547FBC21B52 /* Pods_ParseChat_ParseChatUITests.framework */; };
		519D4BD22DE4620052AAA090 /* Pods_ParseChatTests.framework in Frameworks */ = {isa = PBXBuildFile; fileRef = 81B728F655A12D7F661A9130 /* Pods_ParseChatTests.framework */; };
		9DA4D233F73DDEC1F957AC6E /* Pods_ParseChat.framework in Frameworks */ = {isa = PBXBuildFile; fileRef = 7DDF95F38DC6AD8015139C89 /* Pods_ParseChat.framework */; };
		AFBB1553286A139800AAE194 /* AppDelegate.m in Sources */ = {isa = PBXBuildFile; fileRef = AFBB1552286A139800AAE194 /* AppDelegate.m */; };
		AFBB1556286A139800AAE194 /* SceneDelegate.m in Sources */ = {isa = PBXBuildFile; fileRef = AFBB1555286A139800AAE194 /* SceneDelegate.m */; };
		AFBB155C286A139800AAE194 /* Main.storyboard in Resources */ = {isa = PBXBuildFile; fileRef = AFBB155A286A139800AAE194 /* Main.storyboard */; };
		AFBB155E286A139800AAE194 /* Assets.xcassets in Resources */ = {isa = PBXBuildFile; fileRef = AFBB155D286A139800AAE194 /* Assets.xcassets */; };
		AFBB1561286A139800AAE194 /* LaunchScreen.storyboard in Resources */ = {isa = PBXBuildFile; fileRef = AFBB155F286A139800AAE194 /* LaunchScreen.storyboard */; };
		AFBB1564286A139800AAE194 /* main.m in Sources */ = {isa = PBXBuildFile; fileRef = AFBB1563286A139800AAE194 /* main.m */; };
		AFBB156E286A139900AAE194 /* ParseChatTests.m in Sources */ = {isa = PBXBuildFile; fileRef = AFBB156D286A139900AAE194 /* ParseChatTests.m */; };
		AFBB1578286A139900AAE194 /* ParseChatUITests.m in Sources */ = {isa = PBXBuildFile; fileRef = AFBB1577286A139900AAE194 /* ParseChatUITests.m */; };
		AFBB157A286A139900AAE194 /* ParseChatUITestsLaunchTests.m in Sources */ = {isa = PBXBuildFile; fileRef = AFBB1579286A139900AAE194 /* ParseChatUITestsLaunchTests.m */; };
		AFBB1588286A163D00AAE194 /* LoginViewController.m in Sources */ = {isa = PBXBuildFile; fileRef = AFBB1587286A163D00AAE194 /* LoginViewController.m */; };
		AFBB158B286A198500AAE194 /* ChatViewController.m in Sources */ = {isa = PBXBuildFile; fileRef = AFBB158A286A198500AAE194 /* ChatViewController.m */; };
		AFBB158E286A1D2B00AAE194 /* ChatCell.m in Sources */ = {isa = PBXBuildFile; fileRef = AFBB158D286A1D2B00AAE194 /* ChatCell.m */; };
/* End PBXBuildFile section */

/* Begin PBXContainerItemProxy section */
		AFBB156A286A139900AAE194 /* PBXContainerItemProxy */ = {
			isa = PBXContainerItemProxy;
			containerPortal = AFBB1546286A139800AAE194 /* Project object */;
			proxyType = 1;
			remoteGlobalIDString = AFBB154D286A139800AAE194;
			remoteInfo = ParseChat;
		};
		AFBB1574286A139900AAE194 /* PBXContainerItemProxy */ = {
			isa = PBXContainerItemProxy;
			containerPortal = AFBB1546286A139800AAE194 /* Project object */;
			proxyType = 1;
			remoteGlobalIDString = AFBB154D286A139800AAE194;
			remoteInfo = ParseChat;
		};
/* End PBXContainerItemProxy section */

/* Begin PBXFileReference section */
		0448572E72A73547FBC21B52 /* Pods_ParseChat_ParseChatUITests.framework */ = {isa = PBXFileReference; explicitFileType = wrapper.framework; includeInIndex = 0; path = Pods_ParseChat_ParseChatUITests.framework; sourceTree = BUILT_PRODUCTS_DIR; };
		16428876B23A819D1217C22E /* Pods-ParseChatTests.release.xcconfig */ = {isa = PBXFileReference; includeInIndex = 1; lastKnownFileType = text.xcconfig; name = "Pods-ParseChatTests.release.xcconfig"; path = "Target Support Files/Pods-ParseChatTests/Pods-ParseChatTests.release.xcconfig"; sourceTree = "<group>"; };
		288E3B389752ED934F83D89D /* Pods-ParseChat-ParseChatUITests.release.xcconfig */ = {isa = PBXFileReference; includeInIndex = 1; lastKnownFileType = text.xcconfig; name = "Pods-ParseChat-ParseChatUITests.release.xcconfig"; path = "Target Support Files/Pods-ParseChat-ParseChatUITests/Pods-ParseChat-ParseChatUITests.release.xcconfig"; sourceTree = "<group>"; };
		2EEFFDD225942766D11330EC /* Pods-ParseChat.release.xcconfig */ = {isa = PBXFileReference; includeInIndex = 1; lastKnownFileType = text.xcconfig; name = "Pods-ParseChat.release.xcconfig"; path = "Target Support Files/Pods-ParseChat/Pods-ParseChat.release.xcconfig"; sourceTree = "<group>"; };
		46916D0016576B654317DD9F /* Pods-ParseChatTests.debug.xcconfig */ = {isa = PBXFileReference; includeInIndex = 1; lastKnownFileType = text.xcconfig; name = "Pods-ParseChatTests.debug.xcconfig"; path = "Target Support Files/Pods-ParseChatTests/Pods-ParseChatTests.debug.xcconfig"; sourceTree = "<group>"; };
		7DDF95F38DC6AD8015139C89 /* Pods_ParseChat.framework */ = {isa = PBXFileReference; explicitFileType = wrapper.framework; includeInIndex = 0; path = Pods_ParseChat.framework; sourceTree = BUILT_PRODUCTS_DIR; };
		81B728F655A12D7F661A9130 /* Pods_ParseChatTests.framework */ = {isa = PBXFileReference; explicitFileType = wrapper.framework; includeInIndex = 0; path = Pods_ParseChatTests.framework; sourceTree = BUILT_PRODUCTS_DIR; };
		9887ABCF803E943F4B02D66F /* Pods-ParseChat-ParseChatUITests.debug.xcconfig */ = {isa = PBXFileReference; includeInIndex = 1; lastKnownFileType = text.xcconfig; name = "Pods-ParseChat-ParseChatUITests.debug.xcconfig"; path = "Target Support Files/Pods-ParseChat-ParseChatUITests/Pods-ParseChat-ParseChatUITests.debug.xcconfig"; sourceTree = "<group>"; };
		AFBB154E286A139800AAE194 /* ParseChat.app */ = {isa = PBXFileReference; explicitFileType = wrapper.application; includeInIndex = 0; path = ParseChat.app; sourceTree = BUILT_PRODUCTS_DIR; };
		AFBB1551286A139800AAE194 /* AppDelegate.h */ = {isa = PBXFileReference; lastKnownFileType = sourcecode.c.h; path = AppDelegate.h; sourceTree = "<group>"; };
		AFBB1552286A139800AAE194 /* AppDelegate.m */ = {isa = PBXFileReference; lastKnownFileType = sourcecode.c.objc; path = AppDelegate.m; sourceTree = "<group>"; };
		AFBB1554286A139800AAE194 /* SceneDelegate.h */ = {isa = PBXFileReference; lastKnownFileType = sourcecode.c.h; path = SceneDelegate.h; sourceTree = "<group>"; };
		AFBB1555286A139800AAE194 /* SceneDelegate.m */ = {isa = PBXFileReference; lastKnownFileType = sourcecode.c.objc; path = SceneDelegate.m; sourceTree = "<group>"; };
		AFBB155B286A139800AAE194 /* Base */ = {isa = PBXFileReference; lastKnownFileType = file.storyboard; name = Base; path = Base.lproj/Main.storyboard; sourceTree = "<group>"; };
		AFBB155D286A139800AAE194 /* Assets.xcassets */ = {isa = PBXFileReference; lastKnownFileType = folder.assetcatalog; path = Assets.xcassets; sourceTree = "<group>"; };
		AFBB1560286A139800AAE194 /* Base */ = {isa = PBXFileReference; lastKnownFileType = file.storyboard; name = Base; path = Base.lproj/LaunchScreen.storyboard; sourceTree = "<group>"; };
		AFBB1562286A139800AAE194 /* Info.plist */ = {isa = PBXFileReference; lastKnownFileType = text.plist.xml; path = Info.plist; sourceTree = "<group>"; };
		AFBB1563286A139800AAE194 /* main.m */ = {isa = PBXFileReference; lastKnownFileType = sourcecode.c.objc; path = main.m; sourceTree = "<group>"; };
		AFBB1569286A139900AAE194 /* ParseChatTests.xctest */ = {isa = PBXFileReference; explicitFileType = wrapper.cfbundle; includeInIndex = 0; path = ParseChatTests.xctest; sourceTree = BUILT_PRODUCTS_DIR; };
		AFBB156D286A139900AAE194 /* ParseChatTests.m */ = {isa = PBXFileReference; lastKnownFileType = sourcecode.c.objc; path = ParseChatTests.m; sourceTree = "<group>"; };
		AFBB1573286A139900AAE194 /* ParseChatUITests.xctest */ = {isa = PBXFileReference; explicitFileType = wrapper.cfbundle; includeInIndex = 0; path = ParseChatUITests.xctest; sourceTree = BUILT_PRODUCTS_DIR; };
		AFBB1577286A139900AAE194 /* ParseChatUITests.m */ = {isa = PBXFileReference; lastKnownFileType = sourcecode.c.objc; path = ParseChatUITests.m; sourceTree = "<group>"; };
		AFBB1579286A139900AAE194 /* ParseChatUITestsLaunchTests.m */ = {isa = PBXFileReference; lastKnownFileType = sourcecode.c.objc; path = ParseChatUITestsLaunchTests.m; sourceTree = "<group>"; };
		AFBB1586286A163D00AAE194 /* LoginViewController.h */ = {isa = PBXFileReference; lastKnownFileType = sourcecode.c.h; path = LoginViewController.h; sourceTree = "<group>"; };
		AFBB1587286A163D00AAE194 /* LoginViewController.m */ = {isa = PBXFileReference; lastKnownFileType = sourcecode.c.objc; path = LoginViewController.m; sourceTree = "<group>"; };
		AFBB1589286A198500AAE194 /* ChatViewController.h */ = {isa = PBXFileReference; lastKnownFileType = sourcecode.c.h; path = ChatViewController.h; sourceTree = "<group>"; };
		AFBB158A286A198500AAE194 /* ChatViewController.m */ = {isa = PBXFileReference; lastKnownFileType = sourcecode.c.objc; path = ChatViewController.m; sourceTree = "<group>"; };
		AFBB158C286A1D2B00AAE194 /* ChatCell.h */ = {isa = PBXFileReference; lastKnownFileType = sourcecode.c.h; path = ChatCell.h; sourceTree = "<group>"; };
		AFBB158D286A1D2B00AAE194 /* ChatCell.m */ = {isa = PBXFileReference; lastKnownFileType = sourcecode.c.objc; path = ChatCell.m; sourceTree = "<group>"; };
		F4EC30F459E7C8D0426A2B13 /* Pods-ParseChat.debug.xcconfig */ = {isa = PBXFileReference; includeInIndex = 1; lastKnownFileType = text.xcconfig; name = "Pods-ParseChat.debug.xcconfig"; path = "Target Support Files/Pods-ParseChat/Pods-ParseChat.debug.xcconfig"; sourceTree = "<group>"; };
/* End PBXFileReference section */

/* Begin PBXFrameworksBuildPhase section */
		AFBB154B286A139800AAE194 /* Frameworks */ = {
			isa = PBXFrameworksBuildPhase;
			buildActionMask = 2147483647;
			files = (
				9DA4D233F73DDEC1F957AC6E /* Pods_ParseChat.framework in Frameworks */,
			);
			runOnlyForDeploymentPostprocessing = 0;
		};
		AFBB1566286A139900AAE194 /* Frameworks */ = {
			isa = PBXFrameworksBuildPhase;
			buildActionMask = 2147483647;
			files = (
				519D4BD22DE4620052AAA090 /* Pods_ParseChatTests.framework in Frameworks */,
			);
			runOnlyForDeploymentPostprocessing = 0;
		};
		AFBB1570286A139900AAE194 /* Frameworks */ = {
			isa = PBXFrameworksBuildPhase;
			buildActionMask = 2147483647;
			files = (
				3DC8BACED1081B48BB3A1CB2 /* Pods_ParseChat_ParseChatUITests.framework in Frameworks */,
			);
			runOnlyForDeploymentPostprocessing = 0;
		};
/* End PBXFrameworksBuildPhase section */

/* Begin PBXGroup section */
		6A92353BDD507B8D397210CC /* Pods */ = {
			isa = PBXGroup;
			children = (
				F4EC30F459E7C8D0426A2B13 /* Pods-ParseChat.debug.xcconfig */,
				2EEFFDD225942766D11330EC /* Pods-ParseChat.release.xcconfig */,
				9887ABCF803E943F4B02D66F /* Pods-ParseChat-ParseChatUITests.debug.xcconfig */,
				288E3B389752ED934F83D89D /* Pods-ParseChat-ParseChatUITests.release.xcconfig */,
				46916D0016576B654317DD9F /* Pods-ParseChatTests.debug.xcconfig */,
				16428876B23A819D1217C22E /* Pods-ParseChatTests.release.xcconfig */,
			);
			path = Pods;
			sourceTree = "<group>";
		};
		AFBB1545286A139800AAE194 = {
			isa = PBXGroup;
			children = (
				AFBB1550286A139800AAE194 /* ParseChat */,
				AFBB156C286A139900AAE194 /* ParseChatTests */,
				AFBB1576286A139900AAE194 /* ParseChatUITests */,
				AFBB154F286A139800AAE194 /* Products */,
				6A92353BDD507B8D397210CC /* Pods */,
				D45AB16B4EA0697B58E144F0 /* Frameworks */,
			);
			sourceTree = "<group>";
		};
		AFBB154F286A139800AAE194 /* Products */ = {
			isa = PBXGroup;
			children = (
				AFBB154E286A139800AAE194 /* ParseChat.app */,
				AFBB1569286A139900AAE194 /* ParseChatTests.xctest */,
				AFBB1573286A139900AAE194 /* ParseChatUITests.xctest */,
			);
			name = Products;
			sourceTree = "<group>";
		};
		AFBB1550286A139800AAE194 /* ParseChat */ = {
			isa = PBXGroup;
			children = (
				AFBB1551286A139800AAE194 /* AppDelegate.h */,
				AFBB1552286A139800AAE194 /* AppDelegate.m */,
				AFBB1554286A139800AAE194 /* SceneDelegate.h */,
				AFBB1555286A139800AAE194 /* SceneDelegate.m */,
				AFBB1586286A163D00AAE194 /* LoginViewController.h */,
				AFBB1587286A163D00AAE194 /* LoginViewController.m */,
				AFBB1589286A198500AAE194 /* ChatViewController.h */,
				AFBB158A286A198500AAE194 /* ChatViewController.m */,
				AFBB158C286A1D2B00AAE194 /* ChatCell.h */,
				AFBB158D286A1D2B00AAE194 /* ChatCell.m */,
				AFBB155A286A139800AAE194 /* Main.storyboard */,
				AFBB155D286A139800AAE194 /* Assets.xcassets */,
				AFBB155F286A139800AAE194 /* LaunchScreen.storyboard */,
				AFBB1562286A139800AAE194 /* Info.plist */,
				AFBB1563286A139800AAE194 /* main.m */,
			);
			path = ParseChat;
			sourceTree = "<group>";
		};
		AFBB156C286A139900AAE194 /* ParseChatTests */ = {
			isa = PBXGroup;
			children = (
				AFBB156D286A139900AAE194 /* ParseChatTests.m */,
			);
			path = ParseChatTests;
			sourceTree = "<group>";
		};
		AFBB1576286A139900AAE194 /* ParseChatUITests */ = {
			isa = PBXGroup;
			children = (
				AFBB1577286A139900AAE194 /* ParseChatUITests.m */,
				AFBB1579286A139900AAE194 /* ParseChatUITestsLaunchTests.m */,
			);
			path = ParseChatUITests;
			sourceTree = "<group>";
		};
		D45AB16B4EA0697B58E144F0 /* Frameworks */ = {
			isa = PBXGroup;
			children = (
				7DDF95F38DC6AD8015139C89 /* Pods_ParseChat.framework */,
				0448572E72A73547FBC21B52 /* Pods_ParseChat_ParseChatUITests.framework */,
				81B728F655A12D7F661A9130 /* Pods_ParseChatTests.framework */,
			);
			name = Frameworks;
			sourceTree = "<group>";
		};
/* End PBXGroup section */

/* Begin PBXNativeTarget section */
		AFBB154D286A139800AAE194 /* ParseChat */ = {
			isa = PBXNativeTarget;
			buildConfigurationList = AFBB157D286A139900AAE194 /* Build configuration list for PBXNativeTarget "ParseChat" */;
			buildPhases = (
				692696D471E24F3E10C1A003 /* [CP] Check Pods Manifest.lock */,
				AFBB154A286A139800AAE194 /* Sources */,
				AFBB154B286A139800AAE194 /* Frameworks */,
				AFBB154C286A139800AAE194 /* Resources */,
				3B6824A004E7258066DF61E0 /* [CP] Embed Pods Frameworks */,
			);
			buildRules = (
			);
			dependencies = (
			);
			name = ParseChat;
			productName = ParseChat;
			productReference = AFBB154E286A139800AAE194 /* ParseChat.app */;
			productType = "com.apple.product-type.application";
		};
		AFBB1568286A139900AAE194 /* ParseChatTests */ = {
			isa = PBXNativeTarget;
			buildConfigurationList = AFBB1580286A139900AAE194 /* Build configuration list for PBXNativeTarget "ParseChatTests" */;
			buildPhases = (
				98E860A58EABD45C04E3812D /* [CP] Check Pods Manifest.lock */,
				AFBB1565286A139900AAE194 /* Sources */,
				AFBB1566286A139900AAE194 /* Frameworks */,
				AFBB1567286A139900AAE194 /* Resources */,
			);
			buildRules = (
			);
			dependencies = (
				AFBB156B286A139900AAE194 /* PBXTargetDependency */,
			);
			name = ParseChatTests;
			productName = ParseChatTests;
			productReference = AFBB1569286A139900AAE194 /* ParseChatTests.xctest */;
			productType = "com.apple.product-type.bundle.unit-test";
		};
		AFBB1572286A139900AAE194 /* ParseChatUITests */ = {
			isa = PBXNativeTarget;
			buildConfigurationList = AFBB1583286A139900AAE194 /* Build configuration list for PBXNativeTarget "ParseChatUITests" */;
			buildPhases = (
				813BA5E3EA7EA4629380463F /* [CP] Check Pods Manifest.lock */,
				AFBB156F286A139900AAE194 /* Sources */,
				AFBB1570286A139900AAE194 /* Frameworks */,
				AFBB1571286A139900AAE194 /* Resources */,
				9895A7CD23681F459FEFC730 /* [CP] Embed Pods Frameworks */,
			);
			buildRules = (
			);
			dependencies = (
				AFBB1575286A139900AAE194 /* PBXTargetDependency */,
			);
			name = ParseChatUITests;
			productName = ParseChatUITests;
			productReference = AFBB1573286A139900AAE194 /* ParseChatUITests.xctest */;
			productType = "com.apple.product-type.bundle.ui-testing";
		};
/* End PBXNativeTarget section */

/* Begin PBXProject section */
		AFBB1546286A139800AAE194 /* Project object */ = {
			isa = PBXProject;
			attributes = {
				BuildIndependentTargetsInParallel = 1;
				LastUpgradeCheck = 1340;
				TargetAttributes = {
					AFBB154D286A139800AAE194 = {
						CreatedOnToolsVersion = 13.4;
					};
					AFBB1568286A139900AAE194 = {
						CreatedOnToolsVersion = 13.4;
						TestTargetID = AFBB154D286A139800AAE194;
					};
					AFBB1572286A139900AAE194 = {
						CreatedOnToolsVersion = 13.4;
						TestTargetID = AFBB154D286A139800AAE194;
					};
				};
			};
			buildConfigurationList = AFBB1549286A139800AAE194 /* Build configuration list for PBXProject "ParseChat" */;
			compatibilityVersion = "Xcode 13.0";
			developmentRegion = en;
			hasScannedForEncodings = 0;
			knownRegions = (
				en,
				Base,
			);
			mainGroup = AFBB1545286A139800AAE194;
			productRefGroup = AFBB154F286A139800AAE194 /* Products */;
			projectDirPath = "";
			projectRoot = "";
			targets = (
				AFBB154D286A139800AAE194 /* ParseChat */,
				AFBB1568286A139900AAE194 /* ParseChatTests */,
				AFBB1572286A139900AAE194 /* ParseChatUITests */,
			);
		};
/* End PBXProject section */

/* Begin PBXResourcesBuildPhase section */
		AFBB154C286A139800AAE194 /* Resources */ = {
			isa = PBXResourcesBuildPhase;
			buildActionMask = 2147483647;
			files = (
				AFBB1561286A139800AAE194 /* LaunchScreen.storyboard in Resources */,
				AFBB155E286A139800AAE194 /* Assets.xcassets in Resources */,
				AFBB155C286A139800AAE194 /* Main.storyboard in Resources */,
			);
			runOnlyForDeploymentPostprocessing = 0;
		};
		AFBB1567286A139900AAE194 /* Resources */ = {
			isa = PBXResourcesBuildPhase;
			buildActionMask = 2147483647;
			files = (
			);
			runOnlyForDeploymentPostprocessing = 0;
		};
		AFBB1571286A139900AAE194 /* Resources */ = {
			isa = PBXResourcesBuildPhase;
			buildActionMask = 2147483647;
			files = (
			);
			runOnlyForDeploymentPostprocessing = 0;
		};
/* End PBXResourcesBuildPhase section */

/* Begin PBXShellScriptBuildPhase section */
		3B6824A004E7258066DF61E0 /* [CP] Embed Pods Frameworks */ = {
			isa = PBXShellScriptBuildPhase;
			buildActionMask = 2147483647;
			files = (
			);
			inputFileListPaths = (
				"${PODS_ROOT}/Target Support Files/Pods-ParseChat/Pods-ParseChat-frameworks-${CONFIGURATION}-input-files.xcfilelist",
			);
			name = "[CP] Embed Pods Frameworks";
			outputFileListPaths = (
				"${PODS_ROOT}/Target Support Files/Pods-ParseChat/Pods-ParseChat-frameworks-${CONFIGURATION}-output-files.xcfilelist",
			);
			runOnlyForDeploymentPostprocessing = 0;
			shellPath = /bin/sh;
			shellScript = "\"${PODS_ROOT}/Target Support Files/Pods-ParseChat/Pods-ParseChat-frameworks.sh\"\n";
			showEnvVarsInLog = 0;
		};
		692696D471E24F3E10C1A003 /* [CP] Check Pods Manifest.lock */ = {
			isa = PBXShellScriptBuildPhase;
			buildActionMask = 2147483647;
			files = (
			);
			inputFileListPaths = (
			);
			inputPaths = (
				"${PODS_PODFILE_DIR_PATH}/Podfile.lock",
				"${PODS_ROOT}/Manifest.lock",
			);
			name = "[CP] Check Pods Manifest.lock";
			outputFileListPaths = (
			);
			outputPaths = (
				"$(DERIVED_FILE_DIR)/Pods-ParseChat-checkManifestLockResult.txt",
			);
			runOnlyForDeploymentPostprocessing = 0;
			shellPath = /bin/sh;
			shellScript = "diff \"${PODS_PODFILE_DIR_PATH}/Podfile.lock\" \"${PODS_ROOT}/Manifest.lock\" > /dev/null\nif [ $? != 0 ] ; then\n    # print error to STDERR\n    echo \"error: The sandbox is not in sync with the Podfile.lock. Run 'pod install' or update your CocoaPods installation.\" >&2\n    exit 1\nfi\n# This output is used by Xcode 'outputs' to avoid re-running this script phase.\necho \"SUCCESS\" > \"${SCRIPT_OUTPUT_FILE_0}\"\n";
			showEnvVarsInLog = 0;
		};
		813BA5E3EA7EA4629380463F /* [CP] Check Pods Manifest.lock */ = {
			isa = PBXShellScriptBuildPhase;
			buildActionMask = 2147483647;
			files = (
			);
			inputFileListPaths = (
			);
			inputPaths = (
				"${PODS_PODFILE_DIR_PATH}/Podfile.lock",
				"${PODS_ROOT}/Manifest.lock",
			);
			name = "[CP] Check Pods Manifest.lock";
			outputFileListPaths = (
			);
			outputPaths = (
				"$(DERIVED_FILE_DIR)/Pods-ParseChat-ParseChatUITests-checkManifestLockResult.txt",
			);
			runOnlyForDeploymentPostprocessing = 0;
			shellPath = /bin/sh;
			shellScript = "diff \"${PODS_PODFILE_DIR_PATH}/Podfile.lock\" \"${PODS_ROOT}/Manifest.lock\" > /dev/null\nif [ $? != 0 ] ; then\n    # print error to STDERR\n    echo \"error: The sandbox is not in sync with the Podfile.lock. Run 'pod install' or update your CocoaPods installation.\" >&2\n    exit 1\nfi\n# This output is used by Xcode 'outputs' to avoid re-running this script phase.\necho \"SUCCESS\" > \"${SCRIPT_OUTPUT_FILE_0}\"\n";
			showEnvVarsInLog = 0;
		};
		9895A7CD23681F459FEFC730 /* [CP] Embed Pods Frameworks */ = {
			isa = PBXShellScriptBuildPhase;
			buildActionMask = 2147483647;
			files = (
			);
			inputFileListPaths = (
				"${PODS_ROOT}/Target Support Files/Pods-ParseChat-ParseChatUITests/Pods-ParseChat-ParseChatUITests-frameworks-${CONFIGURATION}-input-files.xcfilelist",
			);
			name = "[CP] Embed Pods Frameworks";
			outputFileListPaths = (
				"${PODS_ROOT}/Target Support Files/Pods-ParseChat-ParseChatUITests/Pods-ParseChat-ParseChatUITests-frameworks-${CONFIGURATION}-output-files.xcfilelist",
			);
			runOnlyForDeploymentPostprocessing = 0;
			shellPath = /bin/sh;
			shellScript = "\"${PODS_ROOT}/Target Support Files/Pods-ParseChat-ParseChatUITests/Pods-ParseChat-ParseChatUITests-frameworks.sh\"\n";
			showEnvVarsInLog = 0;
		};
		98E860A58EABD45C04E3812D /* [CP] Check Pods Manifest.lock */ = {
			isa = PBXShellScriptBuildPhase;
			buildActionMask = 2147483647;
			files = (
			);
			inputFileListPaths = (
			);
			inputPaths = (
				"${PODS_PODFILE_DIR_PATH}/Podfile.lock",
				"${PODS_ROOT}/Manifest.lock",
			);
			name = "[CP] Check Pods Manifest.lock";
			outputFileListPaths = (
			);
			outputPaths = (
				"$(DERIVED_FILE_DIR)/Pods-ParseChatTests-checkManifestLockResult.txt",
			);
			runOnlyForDeploymentPostprocessing = 0;
			shellPath = /bin/sh;
			shellScript = "diff \"${PODS_PODFILE_DIR_PATH}/Podfile.lock\" \"${PODS_ROOT}/Manifest.lock\" > /dev/null\nif [ $? != 0 ] ; then\n    # print error to STDERR\n    echo \"error: The sandbox is not in sync with the Podfile.lock. Run 'pod install' or update your CocoaPods installation.\" >&2\n    exit 1\nfi\n# This output is used by Xcode 'outputs' to avoid re-running this script phase.\necho \"SUCCESS\" > \"${SCRIPT_OUTPUT_FILE_0}\"\n";
			showEnvVarsInLog = 0;
		};
/* End PBXShellScriptBuildPhase section */

/* Begin PBXSourcesBuildPhase section */
		AFBB154A286A139800AAE194 /* Sources */ = {
			isa = PBXSourcesBuildPhase;
			buildActionMask = 2147483647;
			files = (
				AFBB1588286A163D00AAE194 /* LoginViewController.m in Sources */,
				AFBB1553286A139800AAE194 /* AppDelegate.m in Sources */,
				AFBB158B286A198500AAE194 /* ChatViewController.m in Sources */,
				AFBB158E286A1D2B00AAE194 /* ChatCell.m in Sources */,
				AFBB1564286A139800AAE194 /* main.m in Sources */,
				AFBB1556286A139800AAE194 /* SceneDelegate.m in Sources */,
			);
			runOnlyForDeploymentPostprocessing = 0;
		};
		AFBB1565286A139900AAE194 /* Sources */ = {
			isa = PBXSourcesBuildPhase;
			buildActionMask = 2147483647;
			files = (
				AFBB156E286A139900AAE194 /* ParseChatTests.m in Sources */,
			);
			runOnlyForDeploymentPostprocessing = 0;
		};
		AFBB156F286A139900AAE194 /* Sources */ = {
			isa = PBXSourcesBuildPhase;
			buildActionMask = 2147483647;
			files = (
				AFBB157A286A139900AAE194 /* ParseChatUITestsLaunchTests.m in Sources */,
				AFBB1578286A139900AAE194 /* ParseChatUITests.m in Sources */,
			);
			runOnlyForDeploymentPostprocessing = 0;
		};
/* End PBXSourcesBuildPhase section */

/* Begin PBXTargetDependency section */
		AFBB156B286A139900AAE194 /* PBXTargetDependency */ = {
			isa = PBXTargetDependency;
			target = AFBB154D286A139800AAE194 /* ParseChat */;
			targetProxy = AFBB156A286A139900AAE194 /* PBXContainerItemProxy */;
		};
		AFBB1575286A139900AAE194 /* PBXTargetDependency */ = {
			isa = PBXTargetDependency;
			target = AFBB154D286A139800AAE194 /* ParseChat */;
			targetProxy = AFBB1574286A139900AAE194 /* PBXContainerItemProxy */;
		};
/* End PBXTargetDependency section */

/* Begin PBXVariantGroup section */
		AFBB155A286A139800AAE194 /* Main.storyboard */ = {
			isa = PBXVariantGroup;
			children = (
				AFBB155B286A139800AAE194 /* Base */,
			);
			name = Main.storyboard;
			sourceTree = "<group>";
		};
		AFBB155F286A139800AAE194 /* LaunchScreen.storyboard */ = {
			isa = PBXVariantGroup;
			children = (
				AFBB1560286A139800AAE194 /* Base */,
			);
			name = LaunchScreen.storyboard;
			sourceTree = "<group>";
		};
/* End PBXVariantGroup section */

/* Begin XCBuildConfiguration section */
		AFBB157B286A139900AAE194 /* Debug */ = {
			isa = XCBuildConfiguration;
			buildSettings = {
				ALWAYS_SEARCH_USER_PATHS = NO;
				CLANG_ANALYZER_NONNULL = YES;
				CLANG_ANALYZER_NUMBER_OBJECT_CONVERSION = YES_AGGRESSIVE;
				CLANG_CXX_LANGUAGE_STANDARD = "gnu++17";
				CLANG_ENABLE_MODULES = YES;
				CLANG_ENABLE_OBJC_ARC = YES;
				CLANG_ENABLE_OBJC_WEAK = YES;
				CLANG_WARN_BLOCK_CAPTURE_AUTORELEASING = YES;
				CLANG_WARN_BOOL_CONVERSION = YES;
				CLANG_WARN_COMMA = YES;
				CLANG_WARN_CONSTANT_CONVERSION = YES;
				CLANG_WARN_DEPRECATED_OBJC_IMPLEMENTATIONS = YES;
				CLANG_WARN_DIRECT_OBJC_ISA_USAGE = YES_ERROR;
				CLANG_WARN_DOCUMENTATION_COMMENTS = YES;
				CLANG_WARN_EMPTY_BODY = YES;
				CLANG_WARN_ENUM_CONVERSION = YES;
				CLANG_WARN_INFINITE_RECURSION = YES;
				CLANG_WARN_INT_CONVERSION = YES;
				CLANG_WARN_NON_LITERAL_NULL_CONVERSION = YES;
				CLANG_WARN_OBJC_IMPLICIT_RETAIN_SELF = YES;
				CLANG_WARN_OBJC_LITERAL_CONVERSION = YES;
				CLANG_WARN_OBJC_ROOT_CLASS = YES_ERROR;
				CLANG_WARN_QUOTED_INCLUDE_IN_FRAMEWORK_HEADER = YES;
				CLANG_WARN_RANGE_LOOP_ANALYSIS = YES;
				CLANG_WARN_STRICT_PROTOTYPES = YES;
				CLANG_WARN_SUSPICIOUS_MOVE = YES;
				CLANG_WARN_UNGUARDED_AVAILABILITY = YES_AGGRESSIVE;
				CLANG_WARN_UNREACHABLE_CODE = YES;
				CLANG_WARN__DUPLICATE_METHOD_MATCH = YES;
				COPY_PHASE_STRIP = NO;
				DEBUG_INFORMATION_FORMAT = dwarf;
				ENABLE_STRICT_OBJC_MSGSEND = YES;
				ENABLE_TESTABILITY = YES;
				GCC_C_LANGUAGE_STANDARD = gnu11;
				GCC_DYNAMIC_NO_PIC = NO;
				GCC_NO_COMMON_BLOCKS = YES;
				GCC_OPTIMIZATION_LEVEL = 0;
				GCC_PREPROCESSOR_DEFINITIONS = (
					"DEBUG=1",
					"$(inherited)",
				);
				GCC_WARN_64_TO_32_BIT_CONVERSION = YES;
				GCC_WARN_ABOUT_RETURN_TYPE = YES_ERROR;
				GCC_WARN_UNDECLARED_SELECTOR = YES;
				GCC_WARN_UNINITIALIZED_AUTOS = YES_AGGRESSIVE;
				GCC_WARN_UNUSED_FUNCTION = YES;
				GCC_WARN_UNUSED_VARIABLE = YES;
				IPHONEOS_DEPLOYMENT_TARGET = 15.5;
				MTL_ENABLE_DEBUG_INFO = INCLUDE_SOURCE;
				MTL_FAST_MATH = YES;
				ONLY_ACTIVE_ARCH = YES;
				SDKROOT = iphoneos;
			};
			name = Debug;
		};
		AFBB157C286A139900AAE194 /* Release */ = {
			isa = XCBuildConfiguration;
			buildSettings = {
				ALWAYS_SEARCH_USER_PATHS = NO;
				CLANG_ANALYZER_NONNULL = YES;
				CLANG_ANALYZER_NUMBER_OBJECT_CONVERSION = YES_AGGRESSIVE;
				CLANG_CXX_LANGUAGE_STANDARD = "gnu++17";
				CLANG_ENABLE_MODULES = YES;
				CLANG_ENABLE_OBJC_ARC = YES;
				CLANG_ENABLE_OBJC_WEAK = YES;
				CLANG_WARN_BLOCK_CAPTURE_AUTORELEASING = YES;
				CLANG_WARN_BOOL_CONVERSION = YES;
				CLANG_WARN_COMMA = YES;
				CLANG_WARN_CONSTANT_CONVERSION = YES;
				CLANG_WARN_DEPRECATED_OBJC_IMPLEMENTATIONS = YES;
				CLANG_WARN_DIRECT_OBJC_ISA_USAGE = YES_ERROR;
				CLANG_WARN_DOCUMENTATION_COMMENTS = YES;
				CLANG_WARN_EMPTY_BODY = YES;
				CLANG_WARN_ENUM_CONVERSION = YES;
				CLANG_WARN_INFINITE_RECURSION = YES;
				CLANG_WARN_INT_CONVERSION = YES;
				CLANG_WARN_NON_LITERAL_NULL_CONVERSION = YES;
				CLANG_WARN_OBJC_IMPLICIT_RETAIN_SELF = YES;
				CLANG_WARN_OBJC_LITERAL_CONVERSION = YES;
				CLANG_WARN_OBJC_ROOT_CLASS = YES_ERROR;
				CLANG_WARN_QUOTED_INCLUDE_IN_FRAMEWORK_HEADER = YES;
				CLANG_WARN_RANGE_LOOP_ANALYSIS = YES;
				CLANG_WARN_STRICT_PROTOTYPES = YES;
				CLANG_WARN_SUSPICIOUS_MOVE = YES;
				CLANG_WARN_UNGUARDED_AVAILABILITY = YES_AGGRESSIVE;
				CLANG_WARN_UNREACHABLE_CODE = YES;
				CLANG_WARN__DUPLICATE_METHOD_MATCH = YES;
				COPY_PHASE_STRIP = NO;
				DEBUG_INFORMATION_FORMAT = "dwarf-with-dsym";
				ENABLE_NS_ASSERTIONS = NO;
				ENABLE_STRICT_OBJC_MSGSEND = YES;
				GCC_C_LANGUAGE_STANDARD = gnu11;
				GCC_NO_COMMON_BLOCKS = YES;
				GCC_WARN_64_TO_32_BIT_CONVERSION = YES;
				GCC_WARN_ABOUT_RETURN_TYPE = YES_ERROR;
				GCC_WARN_UNDECLARED_SELECTOR = YES;
				GCC_WARN_UNINITIALIZED_AUTOS = YES_AGGRESSIVE;
				GCC_WARN_UNUSED_FUNCTION = YES;
				GCC_WARN_UNUSED_VARIABLE = YES;
				IPHONEOS_DEPLOYMENT_TARGET = 15.5;
				MTL_ENABLE_DEBUG_INFO = NO;
				MTL_FAST_MATH = YES;
				SDKROOT = iphoneos;
				VALIDATE_PRODUCT = YES;
			};
			name = Release;
		};
		AFBB157E286A139900AAE194 /* Debug */ = {
			isa = XCBuildConfiguration;
			baseConfigurationReference = F4EC30F459E7C8D0426A2B13 /* Pods-ParseChat.debug.xcconfig */;
			buildSettings = {
				ASSETCATALOG_COMPILER_APPICON_NAME = AppIcon;
				ASSETCATALOG_COMPILER_GLOBAL_ACCENT_COLOR_NAME = AccentColor;
				CODE_SIGN_STYLE = Automatic;
				CURRENT_PROJECT_VERSION = 1;
				DEVELOPMENT_TEAM = YL99LW4L8S;
				GENERATE_INFOPLIST_FILE = YES;
				INFOPLIST_FILE = ParseChat/Info.plist;
				INFOPLIST_KEY_UIApplicationSupportsIndirectInputEvents = YES;
				INFOPLIST_KEY_UILaunchStoryboardName = LaunchScreen;
				INFOPLIST_KEY_UIMainStoryboardFile = Main;
				INFOPLIST_KEY_UISupportedInterfaceOrientations_iPad = "UIInterfaceOrientationPortrait UIInterfaceOrientationPortraitUpsideDown UIInterfaceOrientationLandscapeLeft UIInterfaceOrientationLandscapeRight";
				INFOPLIST_KEY_UISupportedInterfaceOrientations_iPhone = "UIInterfaceOrientationPortrait UIInterfaceOrientationLandscapeLeft UIInterfaceOrientationLandscapeRight";
				LD_RUNPATH_SEARCH_PATHS = (
					"$(inherited)",
					"@executable_path/Frameworks",
				);
				MARKETING_VERSION = 1.0;
				PRODUCT_BUNDLE_IDENTIFIER = com.eyeray.ParseChat;
				PRODUCT_NAME = "$(TARGET_NAME)";
				SWIFT_EMIT_LOC_STRINGS = YES;
				TARGETED_DEVICE_FAMILY = "1,2";
			};
			name = Debug;
		};
		AFBB157F286A139900AAE194 /* Release */ = {
			isa = XCBuildConfiguration;
			baseConfigurationReference = 2EEFFDD225942766D11330EC /* Pods-ParseChat.release.xcconfig */;
			buildSettings = {
				ASSETCATALOG_COMPILER_APPICON_NAME = AppIcon;
				ASSETCATALOG_COMPILER_GLOBAL_ACCENT_COLOR_NAME = AccentColor;
				CODE_SIGN_STYLE = Automatic;
				CURRENT_PROJECT_VERSION = 1;
				DEVELOPMENT_TEAM = YL99LW4L8S;
				GENERATE_INFOPLIST_FILE = YES;
				INFOPLIST_FILE = ParseChat/Info.plist;
				INFOPLIST_KEY_UIApplicationSupportsIndirectInputEvents = YES;
				INFOPLIST_KEY_UILaunchStoryboardName = LaunchScreen;
				INFOPLIST_KEY_UIMainStoryboardFile = Main;
				INFOPLIST_KEY_UISupportedInterfaceOrientations_iPad = "UIInterfaceOrientationPortrait UIInterfaceOrientationPortraitUpsideDown UIInterfaceOrientationLandscapeLeft UIInterfaceOrientationLandscapeRight";
				INFOPLIST_KEY_UISupportedInterfaceOrientations_iPhone = "UIInterfaceOrientationPortrait UIInterfaceOrientationLandscapeLeft UIInterfaceOrientationLandscapeRight";
				LD_RUNPATH_SEARCH_PATHS = (
					"$(inherited)",
					"@executable_path/Frameworks",
				);
				MARKETING_VERSION = 1.0;
				PRODUCT_BUNDLE_IDENTIFIER = com.eyeray.ParseChat;
				PRODUCT_NAME = "$(TARGET_NAME)";
				SWIFT_EMIT_LOC_STRINGS = YES;
				TARGETED_DEVICE_FAMILY = "1,2";
			};
			name = Release;
		};
		AFBB1581286A139900AAE194 /* Debug */ = {
			isa = XCBuildConfiguration;
			baseConfigurationReference = 46916D0016576B654317DD9F /* Pods-ParseChatTests.debug.xcconfig */;
			buildSettings = {
				BUNDLE_LOADER = "$(TEST_HOST)";
				CODE_SIGN_STYLE = Automatic;
				CURRENT_PROJECT_VERSION = 1;
				DEVELOPMENT_TEAM = YL99LW4L8S;
				GENERATE_INFOPLIST_FILE = YES;
				IPHONEOS_DEPLOYMENT_TARGET = 15.5;
				MARKETING_VERSION = 1.0;
				PRODUCT_BUNDLE_IDENTIFIER = com.eyeray.ParseChatTests;
				PRODUCT_NAME = "$(TARGET_NAME)";
				SWIFT_EMIT_LOC_STRINGS = NO;
				TARGETED_DEVICE_FAMILY = "1,2";
				TEST_HOST = "$(BUILT_PRODUCTS_DIR)/ParseChat.app/ParseChat";
			};
			name = Debug;
		};
		AFBB1582286A139900AAE194 /* Release */ = {
			isa = XCBuildConfiguration;
			baseConfigurationReference = 16428876B23A819D1217C22E /* Pods-ParseChatTests.release.xcconfig */;
			buildSettings = {
				BUNDLE_LOADER = "$(TEST_HOST)";
				CODE_SIGN_STYLE = Automatic;
				CURRENT_PROJECT_VERSION = 1;
				DEVELOPMENT_TEAM = YL99LW4L8S;
				GENERATE_INFOPLIST_FILE = YES;
				IPHONEOS_DEPLOYMENT_TARGET = 15.5;
				MARKETING_VERSION = 1.0;
				PRODUCT_BUNDLE_IDENTIFIER = com.eyeray.ParseChatTests;
				PRODUCT_NAME = "$(TARGET_NAME)";
				SWIFT_EMIT_LOC_STRINGS = NO;
				TARGETED_DEVICE_FAMILY = "1,2";
				TEST_HOST = "$(BUILT_PRODUCTS_DIR)/ParseChat.app/ParseChat";
			};
			name = Release;
		};
		AFBB1584286A139900AAE194 /* Debug */ = {
			isa = XCBuildConfiguration;
			baseConfigurationReference = 9887ABCF803E943F4B02D66F /* Pods-ParseChat-ParseChatUITests.debug.xcconfig */;
			buildSettings = {
				CODE_SIGN_STYLE = Automatic;
				CURRENT_PROJECT_VERSION = 1;
				DEVELOPMENT_TEAM = YL99LW4L8S;
				GENERATE_INFOPLIST_FILE = YES;
				MARKETING_VERSION = 1.0;
				PRODUCT_BUNDLE_IDENTIFIER = com.eyeray.ParseChatUITests;
				PRODUCT_NAME = "$(TARGET_NAME)";
				SWIFT_EMIT_LOC_STRINGS = NO;
				TARGETED_DEVICE_FAMILY = "1,2";
				TEST_TARGET_NAME = ParseChat;
			};
			name = Debug;
		};
		AFBB1585286A139900AAE194 /* Release */ = {
			isa = XCBuildConfiguration;
			baseConfigurationReference = 288E3B389752ED934F83D89D /* Pods-ParseChat-ParseChatUITests.release.xcconfig */;
			buildSettings = {
				CODE_SIGN_STYLE = Automatic;
				CURRENT_PROJECT_VERSION = 1;
				DEVELOPMENT_TEAM = YL99LW4L8S;
				GENERATE_INFOPLIST_FILE = YES;
				MARKETING_VERSION = 1.0;
				PRODUCT_BUNDLE_IDENTIFIER = com.eyeray.ParseChatUITests;
				PRODUCT_NAME = "$(TARGET_NAME)";
				SWIFT_EMIT_LOC_STRINGS = NO;
				TARGETED_DEVICE_FAMILY = "1,2";
				TEST_TARGET_NAME = ParseChat;
			};
			name = Release;
		};
/* End XCBuildConfiguration section */

/* Begin XCConfigurationList section */
		AFBB1549286A139800AAE194 /* Build configuration list for PBXProject "ParseChat" */ = {
			isa = XCConfigurationList;
			buildConfigurations = (
				AFBB157B286A139900AAE194 /* Debug */,
				AFBB157C286A139900AAE194 /* Release */,
			);
			defaultConfigurationIsVisible = 0;
			defaultConfigurationName = Release;
		};
		AFBB157D286A139900AAE194 /* Build configuration list for PBXNativeTarget "ParseChat" */ = {
			isa = XCConfigurationList;
			buildConfigurations = (
				AFBB157E286A139900AAE194 /* Debug */,
				AFBB157F286A139900AAE194 /* Release */,
			);
			defaultConfigurationIsVisible = 0;
			defaultConfigurationName = Release;
		};
		AFBB1580286A139900AAE194 /* Build configuration list for PBXNativeTarget "ParseChatTests" */ = {
			isa = XCConfigurationList;
			buildConfigurations = (
				AFBB1581286A139900AAE194 /* Debug */,
				AFBB1582286A139900AAE194 /* Release */,
			);
			defaultConfigurationIsVisible = 0;
			defaultConfigurationName = Release;
		};
		AFBB1583286A139900AAE194 /* Build configuration list for PBXNativeTarget "ParseChatUITests" */ = {
			isa = XCConfigurationList;
			buildConfigurations = (
				AFBB1584286A139900AAE194 /* Debug */,
				AFBB1585286A139900AAE194 /* Release */,
			);
			defaultConfigurationIsVisible = 0;
			defaultConfigurationName = Release;
		};
/* End XCConfigurationList section */
	};
	rootObject = AFBB1546286A139800AAE194 /* Project object */;
}
